# THIS IS AN AUTOGENERATED FILE. DO NOT EDIT THIS FILE DIRECTLY.
# yarn lockfile v1


oauth@*:
  version "0.9.15"
  resolved "https://registry.yarnpkg.com/oauth/-/oauth-0.9.15.tgz#bd1fefaf686c96b75475aed5196412ff60cfb9c1"
  integrity sha1-vR/vr2hslrdUda7VGWQS/2DPucE=

zaim@^2.2.0:
  version "2.2.0"
  resolved "https://registry.yarnpkg.com/zaim/-/zaim-2.2.0.tgz#e221538ef4d4bdd9353ab6ee0744063dc58322f0"
  integrity sha512-dIVHIuQpuX53yNtElz86oFG4cMuOuTH7wrC96216HA6BURVQXIRZ4hPq+N3CsRQOrYYXjsMENi8WxexFmb99nA==
  dependencies:
    oauth "*"
